
Microsoft Visual Studio Solution File, Format Version 12.00
# Visual Studio Version 16
VisualStudioVersion = 16.0.29215.179
MinimumVisualStudioVersion = 10.0.40219.1
Project("{FAE04EC0-301F-11D3-BF4B-00C04F79EFBC}") = "CoreResume", "CoreResume\CoreResume.csproj", "{8DD06324-42A0-417B-9914-8D2E1EFC2196}"
EndProject
Global
	GlobalSection(SolutionConfigurationPlatforms) = preSolution
		Debug|Any CPU = Debug|Any CPU
		Release|Any CPU = Release|Any CPU
	EndGlobalSection
	GlobalSection(ProjectConfigurationPlatforms) = postSolution
		{8DD06324-42A0-417B-9914-8D2E1EFC2196}.Debug|Any CPU.ActiveCfg = Debug|Any CPU
		{8DD06324-42A0-417B-9914-8D2E1EFC2196}.Debug|Any CPU.Build.0 = Debug|Any CPU
		{8DD06324-42A0-417B-9914-8D2E1EFC2196}.Release|Any CPU.ActiveCfg = Release|Any CPU
		{8DD06324-42A0-417B-9914-8D2E1EFC2196}.Release|Any CPU.Build.0 = Release|Any CPU
	EndGlobalSection
	GlobalSection(SolutionProperties) = preSolution
		HideSolutionNode = FALSE
	EndGlobalSection
	GlobalSection(ExtensibilityGlobals) = postSolution
		SolutionGuid = {A991A2F4-E31C-4DE6-806C-08319170C395}
	EndGlobalSection
EndGlobal
